
Microsoft Visual Studio Solution File, Format Version 12.00
# Visual Studio Version 17
VisualStudioVersion = 17.13.35931.197
MinimumVisualStudioVersion = 10.0.40219.1
Project("{2150E333-8FDC-42A3-9474-1A3956D46DE8}") = "ソリューション項目", "ソリューション項目", "{2022CB0F-8BAF-F49E-0C48-8EF4C96EC109}"
	ProjectSection(SolutionItems) = preProject
		Directory.build.props = Directory.build.props
	EndProjectSection
EndProject
Project("{2150E333-8FDC-42A3-9474-1A3956D46DE8}") = "000_build", "000_build", "{B3B18102-1000-4CB3-B4CF-CCD83A36C992}"
	ProjectSection(SolutionItems) = preProject
		build\000000_Common.targets = build\000000_Common.targets
		build\000001_UnitTests.props = build\000001_UnitTests.props
		build\000100_Impl.GenerateDependencies.targets = build\000100_Impl.GenerateDependencies.targets
		build\000200_EntryPoint.ShadowBuild.targets = build\000200_EntryPoint.ShadowBuild.targets
		build\010000_Layer.props = build\010000_Layer.props
		build\020000_Layer.props = build\020000_Layer.props
		build\030_030000_Layer.props = build\030_030000_Layer.props
		build\030_060000_Layer.props = build\030_060000_Layer.props
		build\030_091000_ComponentGroup.props = build\030_091000_ComponentGroup.props
	EndProjectSection
EndProject
Project("{2150E333-8FDC-42A3-9474-1A3956D46DE8}") = "900_Documents", "900_Documents", "{602E330D-D8A4-4953-9F8A-5FC0DDF6E11B}"
EndProject
Project("{2150E333-8FDC-42A3-9474-1A3956D46DE8}") = "99100_README", "99100_README", "{036C24ED-D2A1-4C30-9E83-1D961D082AD1}"
EndProject
Project("{2150E333-8FDC-42A3-9474-1A3956D46DE8}") = "99110_Images", "99110_Images", "{A583DB3D-023D-4262-8C53-121EB7023051}"
	ProjectSection(SolutionItems) = preProject
		Documents\README\Images\099c6a8b-27f0-40a2-b353-00b2d2519b79.png = Documents\README\Images\099c6a8b-27f0-40a2-b353-00b2d2519b79.png
		Documents\README\Images\12fb1b25-9574-415b-8378-e6cc23b559ea.png = Documents\README\Images\12fb1b25-9574-415b-8378-e6cc23b559ea.png
		Documents\README\Images\5759e2c8-92a4-427c-9a3a-2f8b3067a013.png = Documents\README\Images\5759e2c8-92a4-427c-9a3a-2f8b3067a013.png
		Documents\README\Images\cleanway.png = Documents\README\Images\cleanway.png
	EndProjectSection
EndProject
Project("{2150E333-8FDC-42A3-9474-1A3956D46DE8}") = "050_ShadowPkg", "050_ShadowPkg", "{DDB4EF12-CC4E-5E88-E6FC-71A802F4DE97}"
EndProject
Project("{2150E333-8FDC-42A3-9474-1A3956D46DE8}") = "050_01000_ComponentMeta", "050_01000_ComponentMeta", "{2991F378-8531-48AB-AF3C-CF0D467C3B5E}"
EndProject
Project("{FAE04EC0-301F-11D3-BF4B-00C04F79EFBC}") = "050_01100_Attributes", "ShadowPkg\ComponentMeta\Attributes\050_01100_Attributes.csproj", "{CB86D813-88C7-1369-F59F-8FEC74C85CEB}"
EndProject
Project("{FAE04EC0-301F-11D3-BF4B-00C04F79EFBC}") = "050_01200_Utils", "ShadowPkg\ComponentMeta\Utils\050_01200_Utils.csproj", "{97FD1216-3B45-5422-A109-84A5A61DF6F9}"
EndProject
Project("{2150E333-8FDC-42A3-9474-1A3956D46DE8}") = "050_09000_ComponentRoots", "050_09000_ComponentRoots", "{18AE922B-2DE2-455E-97A0-E3542FBE9715}"
EndProject
Project("{2150E333-8FDC-42A3-9474-1A3956D46DE8}") = "050_09720_Models", "050_09720_Models", "{034F12BB-BC18-488B-8CF2-C144B041F4BF}"
EndProject
Project("{2150E333-8FDC-42A3-9474-1A3956D46DE8}") = "050_09730_Presentation", "050_09730_Presentation", "{47C0CABD-F01C-4EE2-9DC6-7AA2E2C591FD}"
EndProject
Project("{2150E333-8FDC-42A3-9474-1A3956D46DE8}") = "050_09700_E2ETests", "050_09700_E2ETests", "{16B34952-954B-496C-A521-2B59CAB316D7}"
EndProject
Project("{FAE04EC0-301F-11D3-BF4B-00C04F79EFBC}") = "050_01900_UnitTests", "ShadowPkg\ComponentMeta\UnitTests\050_01900_UnitTests.csproj", "{C58FDF08-6F8E-4755-A0BF-9D0E4ED3C425}"
EndProject
Project("{2150E333-8FDC-42A3-9474-1A3956D46DE8}") = "050_09790_EntryPoints", "050_09790_EntryPoints", "{C73371CB-F3A9-4A45-B3D6-5EF6D4E8EE80}"
EndProject
Project("{2150E333-8FDC-42A3-9474-1A3956D46DE8}") = "030_DiagnosticPkg", "030_DiagnosticPkg", "{E8CD56F2-B2FC-49E3-8D41-88EDCD1A2412}"
EndProject
Project("{2150E333-8FDC-42A3-9474-1A3956D46DE8}") = "020_DependencyAnalysisPkg", "020_DependencyAnalysisPkg", "{88504924-F6EA-4B7F-8E0A-551A80B000AF}"
EndProject
Project("{2150E333-8FDC-42A3-9474-1A3956D46DE8}") = "030_020000_Models", "030_020000_Models", "{4BF77DE2-2F3C-46B1-B32A-482386C6086E}"
EndProject
Project("{2150E333-8FDC-42A3-9474-1A3956D46DE8}") = "030_021000_Framework", "030_021000_Framework", "{3C1F3191-F105-4A60-A6F3-86D843574069}"
EndProject
Project("{2150E333-8FDC-42A3-9474-1A3956D46DE8}") = "030_060000_Details", "030_060000_Details", "{E94A244B-7F82-448C-B3BF-0509334C7A24}"
EndProject
Project("{2150E333-8FDC-42A3-9474-1A3956D46DE8}") = "030_061000_Framework", "030_061000_Framework", "{C33F5B3B-B763-4AD0-A7F2-B50B7F701396}"
EndProject
Project("{FAE04EC0-301F-11D3-BF4B-00C04F79EFBC}") = "030_021300_Impl", "DiagnosticPkg\Models\Framework\Impl\030_021300_Impl.csproj", "{99BCF5CC-07A5-44AD-9A88-83241AE1CCF1}"
EndProject
Project("{FAE04EC0-301F-11D3-BF4B-00C04F79EFBC}") = "030_021100_Contracts", "DiagnosticPkg\Models\Framework\Contracts\030_021100_Contracts.csproj", "{9A096B53-7D29-3DAD-2121-C9B0FAB84B2A}"
EndProject
Project("{FAE04EC0-301F-11D3-BF4B-00C04F79EFBC}") = "030_021900_UnitTests", "DiagnosticPkg\Models\Framework\UnitTests\030_021900_UnitTests.csproj", "{0F6C2E6C-E885-1C4D-2E94-3B1F842B3EA2}"
EndProject
Project("{2150E333-8FDC-42A3-9474-1A3956D46DE8}") = "030_030000_Adapters", "030_030000_Adapters", "{0AEA8EBA-49D7-4B56-85C8-9434B65724CD}"
EndProject
Project("{2150E333-8FDC-42A3-9474-1A3956D46DE8}") = "030_031000_Framework", "030_031000_Framework", "{8C0A20CF-BAE8-4693-897A-B77951E54239}"
EndProject
Project("{FAE04EC0-301F-11D3-BF4B-00C04F79EFBC}") = "030_031100_Impl", "DiagnosticPkg\Adapters\Framework\Impl\030_031100_Impl.csproj", "{4600F176-041B-41B3-9529-B4767495B833}"
EndProject
Project("{FAE04EC0-301F-11D3-BF4B-00C04F79EFBC}") = "030_021200_CompositionContracts", "DiagnosticPkg\Models\Framework\CompositionContracts\030_021200_CompositionContracts.csproj", "{72CAEEFD-77E5-4B4D-BB9A-3ED0960764DB}"
EndProject
Project("{FAE04EC0-301F-11D3-BF4B-00C04F79EFBC}") = "030_061100_Impl", "DiagnosticPkg\Details\Framework\Impl\030_061100_Impl.csproj", "{52BCB16C-F559-0A19-2593-36101B305E85}"
EndProject
Project("{FAE04EC0-301F-11D3-BF4B-00C04F79EFBC}") = "030_061900_UnitTests", "DiagnosticPkg\Details\Framework\UnitTests\030_061900_UnitTests.csproj", "{7C2E567C-2F14-BC94-DFCB-24A73B73BC25}"
EndProject
Project("{FAE04EC0-301F-11D3-BF4B-00C04F79EFBC}") = "030_031900_UnitTests", "DiagnosticPkg\Adapters\Framework\UnitTests\030_031900_UnitTests.csproj", "{4F8F4679-674C-4E88-826B-087E27071A5C}"
EndProject
Project("{2150E333-8FDC-42A3-9474-1A3956D46DE8}") = "030_090000_ComponentRoots", "030_090000_ComponentRoots", "{BA660046-AFF8-4D85-8AA7-CD1FAD245D5D}"
EndProject
Project("{2150E333-8FDC-42A3-9474-1A3956D46DE8}") = "030_091000_E2ETests", "030_091000_E2ETests", "{3B490E62-A1A0-425A-9741-3F0D5DE1B31E}"
EndProject
Project("{FAE04EC0-301F-11D3-BF4B-00C04F79EFBC}") = "030_091000_DiagnosticPkgTests", "DiagnosticPkg\ComponentRoots\E2ETests\DiagnosticPkgTests\030_091000_DiagnosticPkgTests.csproj", "{4DA26A50-5418-4E29-B4E5-2685D38D711B}"
EndProject
Global
	GlobalSection(SolutionConfigurationPlatforms) = preSolution
		Debug|Any CPU = Debug|Any CPU
		Release|Any CPU = Release|Any CPU
	EndGlobalSection
	GlobalSection(ProjectConfigurationPlatforms) = postSolution
		{CB86D813-88C7-1369-F59F-8FEC74C85CEB}.Debug|Any CPU.ActiveCfg = Debug|Any CPU
		{CB86D813-88C7-1369-F59F-8FEC74C85CEB}.Debug|Any CPU.Build.0 = Debug|Any CPU
		{CB86D813-88C7-1369-F59F-8FEC74C85CEB}.Release|Any CPU.ActiveCfg = Release|Any CPU
		{CB86D813-88C7-1369-F59F-8FEC74C85CEB}.Release|Any CPU.Build.0 = Release|Any CPU
		{97FD1216-3B45-5422-A109-84A5A61DF6F9}.Debug|Any CPU.ActiveCfg = Debug|Any CPU
		{97FD1216-3B45-5422-A109-84A5A61DF6F9}.Debug|Any CPU.Build.0 = Debug|Any CPU
		{97FD1216-3B45-5422-A109-84A5A61DF6F9}.Release|Any CPU.ActiveCfg = Release|Any CPU
		{97FD1216-3B45-5422-A109-84A5A61DF6F9}.Release|Any CPU.Build.0 = Release|Any CPU
		{C58FDF08-6F8E-4755-A0BF-9D0E4ED3C425}.Debug|Any CPU.ActiveCfg = Debug|Any CPU
		{C58FDF08-6F8E-4755-A0BF-9D0E4ED3C425}.Debug|Any CPU.Build.0 = Debug|Any CPU
		{C58FDF08-6F8E-4755-A0BF-9D0E4ED3C425}.Release|Any CPU.ActiveCfg = Release|Any CPU
		{C58FDF08-6F8E-4755-A0BF-9D0E4ED3C425}.Release|Any CPU.Build.0 = Release|Any CPU
		{99BCF5CC-07A5-44AD-9A88-83241AE1CCF1}.Debug|Any CPU.ActiveCfg = Debug|Any CPU
		{99BCF5CC-07A5-44AD-9A88-83241AE1CCF1}.Debug|Any CPU.Build.0 = Debug|Any CPU
		{99BCF5CC-07A5-44AD-9A88-83241AE1CCF1}.Release|Any CPU.ActiveCfg = Release|Any CPU
		{99BCF5CC-07A5-44AD-9A88-83241AE1CCF1}.Release|Any CPU.Build.0 = Release|Any CPU
		{9A096B53-7D29-3DAD-2121-C9B0FAB84B2A}.Debug|Any CPU.ActiveCfg = Debug|Any CPU
		{9A096B53-7D29-3DAD-2121-C9B0FAB84B2A}.Debug|Any CPU.Build.0 = Debug|Any CPU
		{9A096B53-7D29-3DAD-2121-C9B0FAB84B2A}.Release|Any CPU.ActiveCfg = Release|Any CPU
		{9A096B53-7D29-3DAD-2121-C9B0FAB84B2A}.Release|Any CPU.Build.0 = Release|Any CPU
		{0F6C2E6C-E885-1C4D-2E94-3B1F842B3EA2}.Debug|Any CPU.ActiveCfg = Debug|Any CPU
		{0F6C2E6C-E885-1C4D-2E94-3B1F842B3EA2}.Debug|Any CPU.Build.0 = Debug|Any CPU
		{0F6C2E6C-E885-1C4D-2E94-3B1F842B3EA2}.Release|Any CPU.ActiveCfg = Release|Any CPU
		{0F6C2E6C-E885-1C4D-2E94-3B1F842B3EA2}.Release|Any CPU.Build.0 = Release|Any CPU
		{4600F176-041B-41B3-9529-B4767495B833}.Debug|Any CPU.ActiveCfg = Debug|Any CPU
		{4600F176-041B-41B3-9529-B4767495B833}.Debug|Any CPU.Build.0 = Debug|Any CPU
		{4600F176-041B-41B3-9529-B4767495B833}.Release|Any CPU.ActiveCfg = Release|Any CPU
		{4600F176-041B-41B3-9529-B4767495B833}.Release|Any CPU.Build.0 = Release|Any CPU
		{72CAEEFD-77E5-4B4D-BB9A-3ED0960764DB}.Debug|Any CPU.ActiveCfg = Debug|Any CPU
		{72CAEEFD-77E5-4B4D-BB9A-3ED0960764DB}.Debug|Any CPU.Build.0 = Debug|Any CPU
		{72CAEEFD-77E5-4B4D-BB9A-3ED0960764DB}.Release|Any CPU.ActiveCfg = Release|Any CPU
		{72CAEEFD-77E5-4B4D-BB9A-3ED0960764DB}.Release|Any CPU.Build.0 = Release|Any CPU
		{52BCB16C-F559-0A19-2593-36101B305E85}.Debug|Any CPU.ActiveCfg = Debug|Any CPU
		{52BCB16C-F559-0A19-2593-36101B305E85}.Debug|Any CPU.Build.0 = Debug|Any CPU
		{52BCB16C-F559-0A19-2593-36101B305E85}.Release|Any CPU.ActiveCfg = Release|Any CPU
		{52BCB16C-F559-0A19-2593-36101B305E85}.Release|Any CPU.Build.0 = Release|Any CPU
		{7C2E567C-2F14-BC94-DFCB-24A73B73BC25}.Debug|Any CPU.ActiveCfg = Debug|Any CPU
		{7C2E567C-2F14-BC94-DFCB-24A73B73BC25}.Debug|Any CPU.Build.0 = Debug|Any CPU
		{7C2E567C-2F14-BC94-DFCB-24A73B73BC25}.Release|Any CPU.ActiveCfg = Release|Any CPU
		{7C2E567C-2F14-BC94-DFCB-24A73B73BC25}.Release|Any CPU.Build.0 = Release|Any CPU
		{4F8F4679-674C-4E88-826B-087E27071A5C}.Debug|Any CPU.ActiveCfg = Debug|Any CPU
		{4F8F4679-674C-4E88-826B-087E27071A5C}.Debug|Any CPU.Build.0 = Debug|Any CPU
		{4F8F4679-674C-4E88-826B-087E27071A5C}.Release|Any CPU.ActiveCfg = Release|Any CPU
		{4F8F4679-674C-4E88-826B-087E27071A5C}.Release|Any CPU.Build.0 = Release|Any CPU
		{4DA26A50-5418-4E29-B4E5-2685D38D711B}.Debug|Any CPU.ActiveCfg = Debug|Any CPU
		{4DA26A50-5418-4E29-B4E5-2685D38D711B}.Debug|Any CPU.Build.0 = Debug|Any CPU
		{4DA26A50-5418-4E29-B4E5-2685D38D711B}.Release|Any CPU.ActiveCfg = Release|Any CPU
		{4DA26A50-5418-4E29-B4E5-2685D38D711B}.Release|Any CPU.Build.0 = Release|Any CPU
	EndGlobalSection
	GlobalSection(SolutionProperties) = preSolution
		HideSolutionNode = FALSE
	EndGlobalSection
	GlobalSection(NestedProjects) = preSolution
		{036C24ED-D2A1-4C30-9E83-1D961D082AD1} = {602E330D-D8A4-4953-9F8A-5FC0DDF6E11B}
		{A583DB3D-023D-4262-8C53-121EB7023051} = {036C24ED-D2A1-4C30-9E83-1D961D082AD1}
		{2991F378-8531-48AB-AF3C-CF0D467C3B5E} = {DDB4EF12-CC4E-5E88-E6FC-71A802F4DE97}
		{CB86D813-88C7-1369-F59F-8FEC74C85CEB} = {2991F378-8531-48AB-AF3C-CF0D467C3B5E}
		{97FD1216-3B45-5422-A109-84A5A61DF6F9} = {2991F378-8531-48AB-AF3C-CF0D467C3B5E}
		{18AE922B-2DE2-455E-97A0-E3542FBE9715} = {DDB4EF12-CC4E-5E88-E6FC-71A802F4DE97}
		{034F12BB-BC18-488B-8CF2-C144B041F4BF} = {16B34952-954B-496C-A521-2B59CAB316D7}
		{47C0CABD-F01C-4EE2-9DC6-7AA2E2C591FD} = {16B34952-954B-496C-A521-2B59CAB316D7}
		{16B34952-954B-496C-A521-2B59CAB316D7} = {18AE922B-2DE2-455E-97A0-E3542FBE9715}
		{C58FDF08-6F8E-4755-A0BF-9D0E4ED3C425} = {2991F378-8531-48AB-AF3C-CF0D467C3B5E}
		{C73371CB-F3A9-4A45-B3D6-5EF6D4E8EE80} = {16B34952-954B-496C-A521-2B59CAB316D7}
		{88504924-F6EA-4B7F-8E0A-551A80B000AF} = {E8CD56F2-B2FC-49E3-8D41-88EDCD1A2412}
		{4BF77DE2-2F3C-46B1-B32A-482386C6086E} = {E8CD56F2-B2FC-49E3-8D41-88EDCD1A2412}
		{3C1F3191-F105-4A60-A6F3-86D843574069} = {4BF77DE2-2F3C-46B1-B32A-482386C6086E}
		{E94A244B-7F82-448C-B3BF-0509334C7A24} = {E8CD56F2-B2FC-49E3-8D41-88EDCD1A2412}
		{C33F5B3B-B763-4AD0-A7F2-B50B7F701396} = {E94A244B-7F82-448C-B3BF-0509334C7A24}
		{99BCF5CC-07A5-44AD-9A88-83241AE1CCF1} = {3C1F3191-F105-4A60-A6F3-86D843574069}
		{9A096B53-7D29-3DAD-2121-C9B0FAB84B2A} = {3C1F3191-F105-4A60-A6F3-86D843574069}
		{0F6C2E6C-E885-1C4D-2E94-3B1F842B3EA2} = {3C1F3191-F105-4A60-A6F3-86D843574069}
		{0AEA8EBA-49D7-4B56-85C8-9434B65724CD} = {E8CD56F2-B2FC-49E3-8D41-88EDCD1A2412}
		{8C0A20CF-BAE8-4693-897A-B77951E54239} = {0AEA8EBA-49D7-4B56-85C8-9434B65724CD}
		{4600F176-041B-41B3-9529-B4767495B833} = {8C0A20CF-BAE8-4693-897A-B77951E54239}
		{72CAEEFD-77E5-4B4D-BB9A-3ED0960764DB} = {3C1F3191-F105-4A60-A6F3-86D843574069}
		{52BCB16C-F559-0A19-2593-36101B305E85} = {C33F5B3B-B763-4AD0-A7F2-B50B7F701396}
		{7C2E567C-2F14-BC94-DFCB-24A73B73BC25} = {C33F5B3B-B763-4AD0-A7F2-B50B7F701396}
		{4F8F4679-674C-4E88-826B-087E27071A5C} = {8C0A20CF-BAE8-4693-897A-B77951E54239}
		{BA660046-AFF8-4D85-8AA7-CD1FAD245D5D} = {E8CD56F2-B2FC-49E3-8D41-88EDCD1A2412}
		{3B490E62-A1A0-425A-9741-3F0D5DE1B31E} = {BA660046-AFF8-4D85-8AA7-CD1FAD245D5D}
		{4DA26A50-5418-4E29-B4E5-2685D38D711B} = {3B490E62-A1A0-425A-9741-3F0D5DE1B31E}
	EndGlobalSection
	GlobalSection(ExtensibilityGlobals) = postSolution
		SolutionGuid = {F01E5B92-8BC7-4A77-A34E-79C72F78E4AE}
	EndGlobalSection
EndGlobal
