
Microsoft Visual Studio Solution File, Format Version 12.00
# Visual Studio Version 17
VisualStudioVersion = 17.13.35931.197
MinimumVisualStudioVersion = 10.0.40219.1
Project("{2150E333-8FDC-42A3-9474-1A3956D46DE8}") = "ソリューション項目", "ソリューション項目", "{2022CB0F-8BAF-F49E-0C48-8EF4C96EC109}"
	ProjectSection(SolutionItems) = preProject
		Directory.build.props = Directory.build.props
	EndProjectSection
EndProject
Project("{2150E333-8FDC-42A3-9474-1A3956D46DE8}") = "0000_build", "0000_build", "{B3B18102-1000-4CB3-B4CF-CCD83A36C992}"
	ProjectSection(SolutionItems) = preProject
		build\Common.targets = build\Common.targets
	EndProjectSection
EndProject
Project("{2150E333-8FDC-42A3-9474-1A3956D46DE8}") = "900_Documents", "900_Documents", "{602E330D-D8A4-4953-9F8A-5FC0DDF6E11B}"
EndProject
Project("{2150E333-8FDC-42A3-9474-1A3956D46DE8}") = "99100_README", "99100_README", "{036C24ED-D2A1-4C30-9E83-1D961D082AD1}"
EndProject
Project("{2150E333-8FDC-42A3-9474-1A3956D46DE8}") = "99110_Images", "99110_Images", "{A583DB3D-023D-4262-8C53-121EB7023051}"
EndProject
Project("{2150E333-8FDC-42A3-9474-1A3956D46DE8}") = "0010_Layers", "0010_Layers", "{DDB4EF12-CC4E-5E88-E6FC-71A802F4DE97}"
EndProject
Project("{2150E333-8FDC-42A3-9474-1A3956D46DE8}") = "0020_PkgLayers", "0020_PkgLayers", "{792CD054-281B-4994-8284-5B1B418B246A}"
	ProjectSection(SolutionItems) = preProject
		build\0020_PkgLayers\010_010000_Layer.props = build\0020_PkgLayers\010_010000_Layer.props
		build\0020_PkgLayers\010_020000_Layer.props = build\0020_PkgLayers\010_020000_Layer.props
	EndProjectSection
EndProject
Project("{2150E333-8FDC-42A3-9474-1A3956D46DE8}") = "0030_ComponentGroups", "0030_ComponentGroups", "{D8311033-4251-4E02-AA9A-151994D1970F}"
EndProject
Project("{2150E333-8FDC-42A3-9474-1A3956D46DE8}") = "0040_PkgComponentGroups", "0040_PkgComponentGroups", "{EFC52F96-0535-4166-90D4-CD66204D92E1}"
	ProjectSection(SolutionItems) = preProject
		build\0040_PkgComponentGroups\010_012000_ComponentGroup.props = build\0040_PkgComponentGroups\010_012000_ComponentGroup.props
		build\0040_PkgComponentGroups\010_092000_ComponentGroup.props = build\0040_PkgComponentGroups\010_092000_ComponentGroup.props
	EndProjectSection
EndProject
Project("{2150E333-8FDC-42A3-9474-1A3956D46DE8}") = "0050_UnitTests", "0050_UnitTests", "{BE88F49A-E927-4850-82D9-213FE7219323}"
	ProjectSection(SolutionItems) = preProject
		build\0050_UnitTests\000001_UnitTests.props = build\0050_UnitTests\000001_UnitTests.props
	EndProjectSection
EndProject
Project("{2150E333-8FDC-42A3-9474-1A3956D46DE8}") = "010_xProofPkg", "010_xProofPkg", "{10C1BC99-3FA5-4883-923A-56C575AB5AC8}"
EndProject
Project("{2150E333-8FDC-42A3-9474-1A3956D46DE8}") = "010_020000_ForXunitV2", "010_020000_ForXunitV2", "{162FC9CD-B19D-49C0-B736-9E3582E034E6}"
EndProject
Project("{2150E333-8FDC-42A3-9474-1A3956D46DE8}") = "010_090000_ComponentRoots", "010_090000_ComponentRoots", "{2765D4AD-AA7B-4743-B64D-66EEDC0A207B}"
EndProject
Project("{2150E333-8FDC-42A3-9474-1A3956D46DE8}") = "010_092000_E2ETests", "010_092000_E2ETests", "{2EE9CBB4-53F9-4BE2-8E3F-7E74E7281F60}"
EndProject
Project("{2150E333-8FDC-42A3-9474-1A3956D46DE8}") = "010_010000_Foundation", "010_010000_Foundation", "{F3BB55EA-EF3F-43ED-95D3-6FBA47FE632C}"
EndProject
Project("{FAE04EC0-301F-11D3-BF4B-00C04F79EFBC}") = "010_011000_Abstractions", "NventX.xProofPkg\Foundation\Abstractions\010_011000_Abstractions.csproj", "{29582C5E-F60C-045C-61FB-67A15F366DD1}"
EndProject
Project("{FAE04EC0-301F-11D3-BF4B-00C04F79EFBC}") = "010_013000_BaseProofLibrary", "NventX.xProofPkg\Foundation\BaseProofLibrary\010_013000_BaseProofLibrary.csproj", "{2D847D2B-ACFB-498A-A31C-52BB806A9A3D}"
EndProject
Project("{FAE04EC0-301F-11D3-BF4B-00C04F79EFBC}") = "010_022000_Impl", "NventX.xProofPkg\ForXunitV2\Impl\010_022000_Impl.csproj", "{267D226C-2BA3-CF25-31BD-F25630C571A2}"
EndProject
Project("{FAE04EC0-301F-11D3-BF4B-00C04F79EFBC}") = "010_012000_Utils", "NventX.xProofPkg\Foundation\Utils\010_012000_Utils.csproj", "{9B628CDE-6E38-41A8-8393-3F58586BBD68}"
EndProject
Project("{FAE04EC0-301F-11D3-BF4B-00C04F79EFBC}") = "010_092100_ForXunitV2", "NventX.xProofPkg\ComponentRoots\E2ETests\ForXunitV2\010_092100_ForXunitV2.csproj", "{396A03A6-5568-F39F-9858-36F81413C0F7}"
EndProject
Project("{FAE04EC0-301F-11D3-BF4B-00C04F79EFBC}") = "010_023000_SupportingBaseProofLibrary", "NventX.xProofPkg\ForXunitV2\SupportingBaseProofLibrary\010_023000_SupportingBaseProofLibrary.csproj", "{F187DB78-4148-414D-B990-5299474435AA}"
EndProject
Global
	GlobalSection(SolutionConfigurationPlatforms) = preSolution
		Debug|Any CPU = Debug|Any CPU
		Release|Any CPU = Release|Any CPU
	EndGlobalSection
	GlobalSection(ProjectConfigurationPlatforms) = postSolution
		{29582C5E-F60C-045C-61FB-67A15F366DD1}.Debug|Any CPU.ActiveCfg = Debug|Any CPU
		{29582C5E-F60C-045C-61FB-67A15F366DD1}.Debug|Any CPU.Build.0 = Debug|Any CPU
		{29582C5E-F60C-045C-61FB-67A15F366DD1}.Release|Any CPU.ActiveCfg = Release|Any CPU
		{29582C5E-F60C-045C-61FB-67A15F366DD1}.Release|Any CPU.Build.0 = Release|Any CPU
		{2D847D2B-ACFB-498A-A31C-52BB806A9A3D}.Debug|Any CPU.ActiveCfg = Debug|Any CPU
		{2D847D2B-ACFB-498A-A31C-52BB806A9A3D}.Debug|Any CPU.Build.0 = Debug|Any CPU
		{2D847D2B-ACFB-498A-A31C-52BB806A9A3D}.Release|Any CPU.ActiveCfg = Release|Any CPU
		{2D847D2B-ACFB-498A-A31C-52BB806A9A3D}.Release|Any CPU.Build.0 = Release|Any CPU
		{267D226C-2BA3-CF25-31BD-F25630C571A2}.Debug|Any CPU.ActiveCfg = Debug|Any CPU
		{267D226C-2BA3-CF25-31BD-F25630C571A2}.Debug|Any CPU.Build.0 = Debug|Any CPU
		{267D226C-2BA3-CF25-31BD-F25630C571A2}.Release|Any CPU.ActiveCfg = Release|Any CPU
		{267D226C-2BA3-CF25-31BD-F25630C571A2}.Release|Any CPU.Build.0 = Release|Any CPU
		{9B628CDE-6E38-41A8-8393-3F58586BBD68}.Debug|Any CPU.ActiveCfg = Debug|Any CPU
		{9B628CDE-6E38-41A8-8393-3F58586BBD68}.Debug|Any CPU.Build.0 = Debug|Any CPU
		{9B628CDE-6E38-41A8-8393-3F58586BBD68}.Release|Any CPU.ActiveCfg = Release|Any CPU
		{9B628CDE-6E38-41A8-8393-3F58586BBD68}.Release|Any CPU.Build.0 = Release|Any CPU
		{396A03A6-5568-F39F-9858-36F81413C0F7}.Debug|Any CPU.ActiveCfg = Debug|Any CPU
		{396A03A6-5568-F39F-9858-36F81413C0F7}.Debug|Any CPU.Build.0 = Debug|Any CPU
		{396A03A6-5568-F39F-9858-36F81413C0F7}.Release|Any CPU.ActiveCfg = Release|Any CPU
		{396A03A6-5568-F39F-9858-36F81413C0F7}.Release|Any CPU.Build.0 = Release|Any CPU
		{F187DB78-4148-414D-B990-5299474435AA}.Debug|Any CPU.ActiveCfg = Debug|Any CPU
		{F187DB78-4148-414D-B990-5299474435AA}.Debug|Any CPU.Build.0 = Debug|Any CPU
		{F187DB78-4148-414D-B990-5299474435AA}.Release|Any CPU.ActiveCfg = Release|Any CPU
		{F187DB78-4148-414D-B990-5299474435AA}.Release|Any CPU.Build.0 = Release|Any CPU
	EndGlobalSection
	GlobalSection(SolutionProperties) = preSolution
		HideSolutionNode = FALSE
	EndGlobalSection
	GlobalSection(NestedProjects) = preSolution
		{036C24ED-D2A1-4C30-9E83-1D961D082AD1} = {602E330D-D8A4-4953-9F8A-5FC0DDF6E11B}
		{A583DB3D-023D-4262-8C53-121EB7023051} = {036C24ED-D2A1-4C30-9E83-1D961D082AD1}
		{DDB4EF12-CC4E-5E88-E6FC-71A802F4DE97} = {B3B18102-1000-4CB3-B4CF-CCD83A36C992}
		{792CD054-281B-4994-8284-5B1B418B246A} = {B3B18102-1000-4CB3-B4CF-CCD83A36C992}
		{D8311033-4251-4E02-AA9A-151994D1970F} = {B3B18102-1000-4CB3-B4CF-CCD83A36C992}
		{EFC52F96-0535-4166-90D4-CD66204D92E1} = {B3B18102-1000-4CB3-B4CF-CCD83A36C992}
		{BE88F49A-E927-4850-82D9-213FE7219323} = {B3B18102-1000-4CB3-B4CF-CCD83A36C992}
		{162FC9CD-B19D-49C0-B736-9E3582E034E6} = {10C1BC99-3FA5-4883-923A-56C575AB5AC8}
		{2765D4AD-AA7B-4743-B64D-66EEDC0A207B} = {10C1BC99-3FA5-4883-923A-56C575AB5AC8}
		{2EE9CBB4-53F9-4BE2-8E3F-7E74E7281F60} = {2765D4AD-AA7B-4743-B64D-66EEDC0A207B}
		{F3BB55EA-EF3F-43ED-95D3-6FBA47FE632C} = {10C1BC99-3FA5-4883-923A-56C575AB5AC8}
		{29582C5E-F60C-045C-61FB-67A15F366DD1} = {F3BB55EA-EF3F-43ED-95D3-6FBA47FE632C}
		{2D847D2B-ACFB-498A-A31C-52BB806A9A3D} = {F3BB55EA-EF3F-43ED-95D3-6FBA47FE632C}
		{267D226C-2BA3-CF25-31BD-F25630C571A2} = {162FC9CD-B19D-49C0-B736-9E3582E034E6}
		{9B628CDE-6E38-41A8-8393-3F58586BBD68} = {F3BB55EA-EF3F-43ED-95D3-6FBA47FE632C}
		{396A03A6-5568-F39F-9858-36F81413C0F7} = {2EE9CBB4-53F9-4BE2-8E3F-7E74E7281F60}
		{F187DB78-4148-414D-B990-5299474435AA} = {162FC9CD-B19D-49C0-B736-9E3582E034E6}
	EndGlobalSection
	GlobalSection(ExtensibilityGlobals) = postSolution
		SolutionGuid = {F01E5B92-8BC7-4A77-A34E-79C72F78E4AE}
	EndGlobalSection
EndGlobal
