
Microsoft Visual Studio Solution File, Format Version 12.00
# Visual Studio Version 17
VisualStudioVersion = 17.13.35931.197
MinimumVisualStudioVersion = 10.0.40219.1
Project("{2150E333-8FDC-42A3-9474-1A3956D46DE8}") = "ソリューション項目", "ソリューション項目", "{2022CB0F-8BAF-F49E-0C48-8EF4C96EC109}"
	ProjectSection(SolutionItems) = preProject
		Directory.build.props = Directory.build.props
	EndProjectSection
EndProject
Project("{2150E333-8FDC-42A3-9474-1A3956D46DE8}") = "0000_build", "0000_build", "{B3B18102-1000-4CB3-B4CF-CCD83A36C992}"
	ProjectSection(SolutionItems) = preProject
		build\Common.targets = build\Common.targets
	EndProjectSection
EndProject
Project("{2150E333-8FDC-42A3-9474-1A3956D46DE8}") = "900_Documents", "900_Documents", "{602E330D-D8A4-4953-9F8A-5FC0DDF6E11B}"
EndProject
Project("{2150E333-8FDC-42A3-9474-1A3956D46DE8}") = "99100_README", "99100_README", "{036C24ED-D2A1-4C30-9E83-1D961D082AD1}"
EndProject
Project("{2150E333-8FDC-42A3-9474-1A3956D46DE8}") = "99110_Images", "99110_Images", "{A583DB3D-023D-4262-8C53-121EB7023051}"
EndProject
Project("{2150E333-8FDC-42A3-9474-1A3956D46DE8}") = "0010_Layers", "0010_Layers", "{DDB4EF12-CC4E-5E88-E6FC-71A802F4DE97}"
EndProject
Project("{2150E333-8FDC-42A3-9474-1A3956D46DE8}") = "0020_PkgLayers", "0020_PkgLayers", "{792CD054-281B-4994-8284-5B1B418B246A}"
	ProjectSection(SolutionItems) = preProject
		build\0020_PkgLayers\010_010000_Layer.props = build\0020_PkgLayers\010_010000_Layer.props
		build\0020_PkgLayers\010_020000_Layer.props = build\0020_PkgLayers\010_020000_Layer.props
	EndProjectSection
EndProject
Project("{2150E333-8FDC-42A3-9474-1A3956D46DE8}") = "0030_ComponentGroups", "0030_ComponentGroups", "{D8311033-4251-4E02-AA9A-151994D1970F}"
EndProject
Project("{2150E333-8FDC-42A3-9474-1A3956D46DE8}") = "0040_PkgComponentGroups", "0040_PkgComponentGroups", "{EFC52F96-0535-4166-90D4-CD66204D92E1}"
	ProjectSection(SolutionItems) = preProject
		build\0040_PkgComponentGroups\010_012000_ComponentGroup.props = build\0040_PkgComponentGroups\010_012000_ComponentGroup.props
		build\0040_PkgComponentGroups\010_023000_ComponentGroup.props = build\0040_PkgComponentGroups\010_023000_ComponentGroup.props
		build\0040_PkgComponentGroups\010_092000_ComponentGroup.props = build\0040_PkgComponentGroups\010_092000_ComponentGroup.props
		build\0040_PkgComponentGroups\010_093000_ComponentGroup.props = build\0040_PkgComponentGroups\010_093000_ComponentGroup.props
	EndProjectSection
EndProject
Project("{2150E333-8FDC-42A3-9474-1A3956D46DE8}") = "0050_UnitTests", "0050_UnitTests", "{BE88F49A-E927-4850-82D9-213FE7219323}"
	ProjectSection(SolutionItems) = preProject
		build\0050_UnitTests\000001_UnitTests.props = build\0050_UnitTests\000001_UnitTests.props
	EndProjectSection
EndProject
Project("{2150E333-8FDC-42A3-9474-1A3956D46DE8}") = "010_XproofPkg", "010_XproofPkg", "{10C1BC99-3FA5-4883-923A-56C575AB5AC8}"
EndProject
Project("{2150E333-8FDC-42A3-9474-1A3956D46DE8}") = "010_020000_SupportingXunitV2", "010_020000_SupportingXunitV2", "{162FC9CD-B19D-49C0-B736-9E3582E034E6}"
EndProject
Project("{2150E333-8FDC-42A3-9474-1A3956D46DE8}") = "010_090000_ComponentRoots", "010_090000_ComponentRoots", "{2765D4AD-AA7B-4743-B64D-66EEDC0A207B}"
EndProject
Project("{2150E333-8FDC-42A3-9474-1A3956D46DE8}") = "010_092000_E2ETests", "010_092000_E2ETests", "{2EE9CBB4-53F9-4BE2-8E3F-7E74E7281F60}"
EndProject
Project("{2150E333-8FDC-42A3-9474-1A3956D46DE8}") = "010_010000_Foundation", "010_010000_Foundation", "{F3BB55EA-EF3F-43ED-95D3-6FBA47FE632C}"
EndProject
Project("{2150E333-8FDC-42A3-9474-1A3956D46DE8}") = "010_093000_Executables", "010_093000_Executables", "{ECE85F2B-4ACC-4B9F-AEF3-C632687752B4}"
EndProject
Project("{FAE04EC0-301F-11D3-BF4B-00C04F79EFBC}") = "010_011000_Abstractions", "XproofPkg\Foundation\Abstractions\010_011000_Abstractions.csproj", "{1300848D-E162-DACA-7DB7-6D36BB7E03E5}"
EndProject
Project("{FAE04EC0-301F-11D3-BF4B-00C04F79EFBC}") = "010_012000_BaseProofLibrary", "XproofPkg\Foundation\BaseProofLibrary\010_012000_BaseProofLibrary.csproj", "{96844335-A3C9-884B-1175-E190E13252C1}"
EndProject
Project("{FAE04EC0-301F-11D3-BF4B-00C04F79EFBC}") = "010_013000_Utils", "XproofPkg\Foundation\Utils\010_013000_Utils.csproj", "{BFA563FA-A1F1-0F9A-5542-A38F75602AB7}"
EndProject
Project("{FAE04EC0-301F-11D3-BF4B-00C04F79EFBC}") = "010_022000_AdapterForTestRunner", "XproofPkg\SupportingXunitV2\AdapterForTestRunner\010_022000_AdapterForTestRunner.csproj", "{7DDBE9A1-395F-B4D7-86B9-C7063BC0CCA0}"
EndProject
Project("{FAE04EC0-301F-11D3-BF4B-00C04F79EFBC}") = "010_025000_TypeBasedProofDiscoverer", "XproofPkg\SupportingXunitV2\TypeBasedProofDiscovery\010_025000_TypeBasedProofDiscoverer.csproj", "{11441A29-C032-757E-2CB6-EFB709FD2F51}"
EndProject
Project("{FAE04EC0-301F-11D3-BF4B-00C04F79EFBC}") = "010_026000_SelfHostedTestRuntime", "XproofPkg\SupportingXunitV2\SelfHostedTestRuntime\010_026000_SelfHostedTestRuntime.csproj", "{B4606D46-73F9-D3A1-0A9D-1DE5F1CD6375}"
EndProject
Project("{FAE04EC0-301F-11D3-BF4B-00C04F79EFBC}") = "010_092100_XunitV2", "XproofPkg\ComponentRoots\E2ETests\SupportingXunitV2\010_092100_XunitV2.csproj", "{02CC6C22-D73D-1594-298D-EB5CF169C7EE}"
EndProject
Project("{FAE04EC0-301F-11D3-BF4B-00C04F79EFBC}") = "010_093100_CollectE2ECoverageForXunitV2", "XproofPkg\ComponentRoots\Executables\CollectE2ECoverageForXunitV2\010_093100_CollectE2ECoverageForXunitV2.csproj", "{C483FFEC-67D0-1B39-16DF-9361C7BEBE40}"
EndProject
Project("{FAE04EC0-301F-11D3-BF4B-00C04F79EFBC}") = "010_093200_SourceGeneratingExperiment", "XproofPkg\ComponentRoots\Executables\SourceGeneratingExperiment\010_093200_SourceGeneratingExperiment.csproj", "{6A5B9DFA-1D39-5C77-6B93-B574FB8BB339}"
EndProject
Project("{FAE04EC0-301F-11D3-BF4B-00C04F79EFBC}") = "010_023000_SourceGeneratorForAssertBinding", "XproofPkg\SupportingXunitV2\SourceGeneratorForAssertBinding\010_023000_SourceGeneratorForAssertBinding.csproj", "{39733A80-CD5E-6A42-A82C-3A59A7F6C3F5}"
EndProject
Project("{FAE04EC0-301F-11D3-BF4B-00C04F79EFBC}") = "010_024000_AssertBinding", "XproofPkg\SupportingXunitV2\AssertBinding\010_024000_AssertBinding.csproj", "{8B02A427-1058-DB84-3545-7033D06A05EA}"
EndProject
Global
	GlobalSection(SolutionConfigurationPlatforms) = preSolution
		Debug|Any CPU = Debug|Any CPU
		Release|Any CPU = Release|Any CPU
	EndGlobalSection
	GlobalSection(ProjectConfigurationPlatforms) = postSolution
		{1300848D-E162-DACA-7DB7-6D36BB7E03E5}.Debug|Any CPU.ActiveCfg = Debug|Any CPU
		{1300848D-E162-DACA-7DB7-6D36BB7E03E5}.Debug|Any CPU.Build.0 = Debug|Any CPU
		{1300848D-E162-DACA-7DB7-6D36BB7E03E5}.Release|Any CPU.ActiveCfg = Release|Any CPU
		{1300848D-E162-DACA-7DB7-6D36BB7E03E5}.Release|Any CPU.Build.0 = Release|Any CPU
		{96844335-A3C9-884B-1175-E190E13252C1}.Debug|Any CPU.ActiveCfg = Debug|Any CPU
		{96844335-A3C9-884B-1175-E190E13252C1}.Debug|Any CPU.Build.0 = Debug|Any CPU
		{96844335-A3C9-884B-1175-E190E13252C1}.Release|Any CPU.ActiveCfg = Release|Any CPU
		{96844335-A3C9-884B-1175-E190E13252C1}.Release|Any CPU.Build.0 = Release|Any CPU
		{BFA563FA-A1F1-0F9A-5542-A38F75602AB7}.Debug|Any CPU.ActiveCfg = Debug|Any CPU
		{BFA563FA-A1F1-0F9A-5542-A38F75602AB7}.Debug|Any CPU.Build.0 = Debug|Any CPU
		{BFA563FA-A1F1-0F9A-5542-A38F75602AB7}.Release|Any CPU.ActiveCfg = Release|Any CPU
		{BFA563FA-A1F1-0F9A-5542-A38F75602AB7}.Release|Any CPU.Build.0 = Release|Any CPU
		{7DDBE9A1-395F-B4D7-86B9-C7063BC0CCA0}.Debug|Any CPU.ActiveCfg = Debug|Any CPU
		{7DDBE9A1-395F-B4D7-86B9-C7063BC0CCA0}.Debug|Any CPU.Build.0 = Debug|Any CPU
		{7DDBE9A1-395F-B4D7-86B9-C7063BC0CCA0}.Release|Any CPU.ActiveCfg = Release|Any CPU
		{7DDBE9A1-395F-B4D7-86B9-C7063BC0CCA0}.Release|Any CPU.Build.0 = Release|Any CPU
		{11441A29-C032-757E-2CB6-EFB709FD2F51}.Debug|Any CPU.ActiveCfg = Debug|Any CPU
		{11441A29-C032-757E-2CB6-EFB709FD2F51}.Debug|Any CPU.Build.0 = Debug|Any CPU
		{11441A29-C032-757E-2CB6-EFB709FD2F51}.Release|Any CPU.ActiveCfg = Release|Any CPU
		{11441A29-C032-757E-2CB6-EFB709FD2F51}.Release|Any CPU.Build.0 = Release|Any CPU
		{B4606D46-73F9-D3A1-0A9D-1DE5F1CD6375}.Debug|Any CPU.ActiveCfg = Debug|Any CPU
		{B4606D46-73F9-D3A1-0A9D-1DE5F1CD6375}.Debug|Any CPU.Build.0 = Debug|Any CPU
		{B4606D46-73F9-D3A1-0A9D-1DE5F1CD6375}.Release|Any CPU.ActiveCfg = Release|Any CPU
		{B4606D46-73F9-D3A1-0A9D-1DE5F1CD6375}.Release|Any CPU.Build.0 = Release|Any CPU
		{02CC6C22-D73D-1594-298D-EB5CF169C7EE}.Debug|Any CPU.ActiveCfg = Debug|Any CPU
		{02CC6C22-D73D-1594-298D-EB5CF169C7EE}.Debug|Any CPU.Build.0 = Debug|Any CPU
		{02CC6C22-D73D-1594-298D-EB5CF169C7EE}.Release|Any CPU.ActiveCfg = Release|Any CPU
		{02CC6C22-D73D-1594-298D-EB5CF169C7EE}.Release|Any CPU.Build.0 = Release|Any CPU
		{C483FFEC-67D0-1B39-16DF-9361C7BEBE40}.Debug|Any CPU.ActiveCfg = Debug|Any CPU
		{C483FFEC-67D0-1B39-16DF-9361C7BEBE40}.Debug|Any CPU.Build.0 = Debug|Any CPU
		{C483FFEC-67D0-1B39-16DF-9361C7BEBE40}.Release|Any CPU.ActiveCfg = Release|Any CPU
		{C483FFEC-67D0-1B39-16DF-9361C7BEBE40}.Release|Any CPU.Build.0 = Release|Any CPU
		{6A5B9DFA-1D39-5C77-6B93-B574FB8BB339}.Debug|Any CPU.ActiveCfg = Debug|Any CPU
		{6A5B9DFA-1D39-5C77-6B93-B574FB8BB339}.Debug|Any CPU.Build.0 = Debug|Any CPU
		{6A5B9DFA-1D39-5C77-6B93-B574FB8BB339}.Release|Any CPU.ActiveCfg = Release|Any CPU
		{6A5B9DFA-1D39-5C77-6B93-B574FB8BB339}.Release|Any CPU.Build.0 = Release|Any CPU
		{39733A80-CD5E-6A42-A82C-3A59A7F6C3F5}.Debug|Any CPU.ActiveCfg = Debug|Any CPU
		{39733A80-CD5E-6A42-A82C-3A59A7F6C3F5}.Debug|Any CPU.Build.0 = Debug|Any CPU
		{39733A80-CD5E-6A42-A82C-3A59A7F6C3F5}.Release|Any CPU.ActiveCfg = Release|Any CPU
		{39733A80-CD5E-6A42-A82C-3A59A7F6C3F5}.Release|Any CPU.Build.0 = Release|Any CPU
		{8B02A427-1058-DB84-3545-7033D06A05EA}.Debug|Any CPU.ActiveCfg = Debug|Any CPU
		{8B02A427-1058-DB84-3545-7033D06A05EA}.Debug|Any CPU.Build.0 = Debug|Any CPU
		{8B02A427-1058-DB84-3545-7033D06A05EA}.Release|Any CPU.ActiveCfg = Release|Any CPU
		{8B02A427-1058-DB84-3545-7033D06A05EA}.Release|Any CPU.Build.0 = Release|Any CPU
	EndGlobalSection
	GlobalSection(SolutionProperties) = preSolution
		HideSolutionNode = FALSE
	EndGlobalSection
	GlobalSection(NestedProjects) = preSolution
		{036C24ED-D2A1-4C30-9E83-1D961D082AD1} = {602E330D-D8A4-4953-9F8A-5FC0DDF6E11B}
		{A583DB3D-023D-4262-8C53-121EB7023051} = {036C24ED-D2A1-4C30-9E83-1D961D082AD1}
		{DDB4EF12-CC4E-5E88-E6FC-71A802F4DE97} = {B3B18102-1000-4CB3-B4CF-CCD83A36C992}
		{792CD054-281B-4994-8284-5B1B418B246A} = {B3B18102-1000-4CB3-B4CF-CCD83A36C992}
		{D8311033-4251-4E02-AA9A-151994D1970F} = {B3B18102-1000-4CB3-B4CF-CCD83A36C992}
		{EFC52F96-0535-4166-90D4-CD66204D92E1} = {B3B18102-1000-4CB3-B4CF-CCD83A36C992}
		{BE88F49A-E927-4850-82D9-213FE7219323} = {B3B18102-1000-4CB3-B4CF-CCD83A36C992}
		{162FC9CD-B19D-49C0-B736-9E3582E034E6} = {10C1BC99-3FA5-4883-923A-56C575AB5AC8}
		{2765D4AD-AA7B-4743-B64D-66EEDC0A207B} = {10C1BC99-3FA5-4883-923A-56C575AB5AC8}
		{2EE9CBB4-53F9-4BE2-8E3F-7E74E7281F60} = {2765D4AD-AA7B-4743-B64D-66EEDC0A207B}
		{F3BB55EA-EF3F-43ED-95D3-6FBA47FE632C} = {10C1BC99-3FA5-4883-923A-56C575AB5AC8}
		{ECE85F2B-4ACC-4B9F-AEF3-C632687752B4} = {2765D4AD-AA7B-4743-B64D-66EEDC0A207B}
		{1300848D-E162-DACA-7DB7-6D36BB7E03E5} = {F3BB55EA-EF3F-43ED-95D3-6FBA47FE632C}
		{96844335-A3C9-884B-1175-E190E13252C1} = {F3BB55EA-EF3F-43ED-95D3-6FBA47FE632C}
		{BFA563FA-A1F1-0F9A-5542-A38F75602AB7} = {F3BB55EA-EF3F-43ED-95D3-6FBA47FE632C}
		{7DDBE9A1-395F-B4D7-86B9-C7063BC0CCA0} = {162FC9CD-B19D-49C0-B736-9E3582E034E6}
		{11441A29-C032-757E-2CB6-EFB709FD2F51} = {162FC9CD-B19D-49C0-B736-9E3582E034E6}
		{B4606D46-73F9-D3A1-0A9D-1DE5F1CD6375} = {162FC9CD-B19D-49C0-B736-9E3582E034E6}
		{02CC6C22-D73D-1594-298D-EB5CF169C7EE} = {2EE9CBB4-53F9-4BE2-8E3F-7E74E7281F60}
		{C483FFEC-67D0-1B39-16DF-9361C7BEBE40} = {ECE85F2B-4ACC-4B9F-AEF3-C632687752B4}
		{6A5B9DFA-1D39-5C77-6B93-B574FB8BB339} = {ECE85F2B-4ACC-4B9F-AEF3-C632687752B4}
		{39733A80-CD5E-6A42-A82C-3A59A7F6C3F5} = {162FC9CD-B19D-49C0-B736-9E3582E034E6}
		{8B02A427-1058-DB84-3545-7033D06A05EA} = {162FC9CD-B19D-49C0-B736-9E3582E034E6}
	EndGlobalSection
	GlobalSection(ExtensibilityGlobals) = postSolution
		SolutionGuid = {F01E5B92-8BC7-4A77-A34E-79C72F78E4AE}
	EndGlobalSection
EndGlobal
