
Microsoft Visual Studio Solution File, Format Version 12.00
# Visual Studio Version 17
VisualStudioVersion = 17.13.35931.197
MinimumVisualStudioVersion = 10.0.40219.1
Project("{2150E333-8FDC-42A3-9474-1A3956D46DE8}") = "ソリューション項目", "ソリューション項目", "{2022CB0F-8BAF-F49E-0C48-8EF4C96EC109}"
	ProjectSection(SolutionItems) = preProject
		Directory.build.props = Directory.build.props
	EndProjectSection
EndProject
Project("{2150E333-8FDC-42A3-9474-1A3956D46DE8}") = "0000_build", "0000_build", "{B3B18102-1000-4CB3-B4CF-CCD83A36C992}"
	ProjectSection(SolutionItems) = preProject
		build\Common.targets = build\Common.targets
	EndProjectSection
EndProject
Project("{2150E333-8FDC-42A3-9474-1A3956D46DE8}") = "900_Documents", "900_Documents", "{602E330D-D8A4-4953-9F8A-5FC0DDF6E11B}"
EndProject
Project("{2150E333-8FDC-42A3-9474-1A3956D46DE8}") = "99100_README", "99100_README", "{036C24ED-D2A1-4C30-9E83-1D961D082AD1}"
EndProject
Project("{2150E333-8FDC-42A3-9474-1A3956D46DE8}") = "99110_Images", "99110_Images", "{A583DB3D-023D-4262-8C53-121EB7023051}"
EndProject
Project("{2150E333-8FDC-42A3-9474-1A3956D46DE8}") = "0010_Layers", "0010_Layers", "{DDB4EF12-CC4E-5E88-E6FC-71A802F4DE97}"
EndProject
Project("{2150E333-8FDC-42A3-9474-1A3956D46DE8}") = "0020_PkgLayers", "0020_PkgLayers", "{792CD054-281B-4994-8284-5B1B418B246A}"
	ProjectSection(SolutionItems) = preProject
		build\0020_PkgLayers\010_010000_Layer.props = build\0020_PkgLayers\010_010000_Layer.props
		build\0020_PkgLayers\010_020000_Layer.props = build\0020_PkgLayers\010_020000_Layer.props
	EndProjectSection
EndProject
Project("{2150E333-8FDC-42A3-9474-1A3956D46DE8}") = "0030_ComponentGroups", "0030_ComponentGroups", "{D8311033-4251-4E02-AA9A-151994D1970F}"
EndProject
Project("{2150E333-8FDC-42A3-9474-1A3956D46DE8}") = "0040_PkgComponentGroups", "0040_PkgComponentGroups", "{EFC52F96-0535-4166-90D4-CD66204D92E1}"
	ProjectSection(SolutionItems) = preProject
		build\0040_PkgComponentGroups\010_012000_ComponentGroup.props = build\0040_PkgComponentGroups\010_012000_ComponentGroup.props
		build\0040_PkgComponentGroups\010_092000_ComponentGroup.props = build\0040_PkgComponentGroups\010_092000_ComponentGroup.props
		build\0040_PkgComponentGroups\010_093000_ComponentGroup.props = build\0040_PkgComponentGroups\010_093000_ComponentGroup.props
	EndProjectSection
EndProject
Project("{2150E333-8FDC-42A3-9474-1A3956D46DE8}") = "0050_UnitTests", "0050_UnitTests", "{BE88F49A-E927-4850-82D9-213FE7219323}"
	ProjectSection(SolutionItems) = preProject
		build\0050_UnitTests\000001_UnitTests.props = build\0050_UnitTests\000001_UnitTests.props
	EndProjectSection
EndProject
Project("{2150E333-8FDC-42A3-9474-1A3956D46DE8}") = "010_XproofPkg", "010_XproofPkg", "{10C1BC99-3FA5-4883-923A-56C575AB5AC8}"
EndProject
Project("{2150E333-8FDC-42A3-9474-1A3956D46DE8}") = "010_020000_SupportingXunitV2", "010_020000_SupportingXunitV2", "{162FC9CD-B19D-49C0-B736-9E3582E034E6}"
EndProject
Project("{2150E333-8FDC-42A3-9474-1A3956D46DE8}") = "010_090000_ComponentRoots", "010_090000_ComponentRoots", "{2765D4AD-AA7B-4743-B64D-66EEDC0A207B}"
EndProject
Project("{2150E333-8FDC-42A3-9474-1A3956D46DE8}") = "010_092000_E2ETests", "010_092000_E2ETests", "{2EE9CBB4-53F9-4BE2-8E3F-7E74E7281F60}"
EndProject
Project("{2150E333-8FDC-42A3-9474-1A3956D46DE8}") = "010_010000_Foundation", "010_010000_Foundation", "{F3BB55EA-EF3F-43ED-95D3-6FBA47FE632C}"
EndProject
Project("{FAE04EC0-301F-11D3-BF4B-00C04F79EFBC}") = "010_092100_XunitV2", "NventX.xProofPkg\ComponentRoots\E2ETests\SupportingXunitV2\010_092100_XunitV2.csproj", "{FAF04792-CBDB-5D67-CA86-F6C1EEFE6583}"
EndProject
Project("{2150E333-8FDC-42A3-9474-1A3956D46DE8}") = "010_093000_Executables", "010_093000_Executables", "{ECE85F2B-4ACC-4B9F-AEF3-C632687752B4}"
EndProject
Project("{FAE04EC0-301F-11D3-BF4B-00C04F79EFBC}") = "010_093100_CollectE2ECoverageForXunitV2", "NventX.xProofPkg\ComponentRoots\Executables\CollectE2ECoverageForXunitV2\010_093100_CollectE2ECoverageForXunitV2.csproj", "{73F534FC-10D9-4BF9-93C0-564B290CAFF7}"
EndProject
Project("{FAE04EC0-301F-11D3-BF4B-00C04F79EFBC}") = "010_022000_AdapterForTestRunner", "NventX.xProofPkg\SupportingXunitV2\AdapterForTestRunner\010_022000_AdapterForTestRunner.csproj", "{D87390E2-12F0-EB55-2BAF-E70991DEDB80}"
EndProject
Project("{FAE04EC0-301F-11D3-BF4B-00C04F79EFBC}") = "010_023000_TypeBasedProofDiscoverer", "NventX.xProofPkg\SupportingXunitV2\TypeBasedProofDiscovery\010_023000_TypeBasedProofDiscoverer.csproj", "{876E5140-EDE0-3C25-656E-2801204CEC6A}"
EndProject
Project("{FAE04EC0-301F-11D3-BF4B-00C04F79EFBC}") = "010_024000_SelfHostedTestRuntime", "NventX.xProofPkg\SupportingXunitV2\SelfHostedTestRuntime\010_024000_SelfHostedTestRuntime.csproj", "{D332EB91-CA56-4AA3-A81B-3D6FF34B524A}"
EndProject
Project("{FAE04EC0-301F-11D3-BF4B-00C04F79EFBC}") = "010_093200_Test", "NventX.xProofPkg\ComponentRoots\Executables\Test\010_093200_Test.csproj", "{120C454C-40F9-491A-A0ED-44B831EBDCC0}"
EndProject
Project("{FAE04EC0-301F-11D3-BF4B-00C04F79EFBC}") = "010_011000_Abstractions", "XproofPkg\Foundation\Abstractions\010_011000_Abstractions.csproj", "{1300848D-E162-DACA-7DB7-6D36BB7E03E5}"
EndProject
Project("{FAE04EC0-301F-11D3-BF4B-00C04F79EFBC}") = "010_012000_BaseProofLibrary", "XproofPkg\Foundation\BaseProofLibrary\010_012000_BaseProofLibrary.csproj", "{96844335-A3C9-884B-1175-E190E13252C1}"
EndProject
Project("{FAE04EC0-301F-11D3-BF4B-00C04F79EFBC}") = "010_013000_Utils", "XproofPkg\Foundation\Utils\010_013000_Utils.csproj", "{BFA563FA-A1F1-0F9A-5542-A38F75602AB7}"
EndProject
Global
	GlobalSection(SolutionConfigurationPlatforms) = preSolution
		Debug|Any CPU = Debug|Any CPU
		Release|Any CPU = Release|Any CPU
	EndGlobalSection
	GlobalSection(ProjectConfigurationPlatforms) = postSolution
		{FAF04792-CBDB-5D67-CA86-F6C1EEFE6583}.Debug|Any CPU.ActiveCfg = Debug|Any CPU
		{FAF04792-CBDB-5D67-CA86-F6C1EEFE6583}.Debug|Any CPU.Build.0 = Debug|Any CPU
		{FAF04792-CBDB-5D67-CA86-F6C1EEFE6583}.Release|Any CPU.ActiveCfg = Release|Any CPU
		{FAF04792-CBDB-5D67-CA86-F6C1EEFE6583}.Release|Any CPU.Build.0 = Release|Any CPU
		{73F534FC-10D9-4BF9-93C0-564B290CAFF7}.Debug|Any CPU.ActiveCfg = Debug|Any CPU
		{73F534FC-10D9-4BF9-93C0-564B290CAFF7}.Debug|Any CPU.Build.0 = Debug|Any CPU
		{73F534FC-10D9-4BF9-93C0-564B290CAFF7}.Release|Any CPU.ActiveCfg = Release|Any CPU
		{73F534FC-10D9-4BF9-93C0-564B290CAFF7}.Release|Any CPU.Build.0 = Release|Any CPU
		{D87390E2-12F0-EB55-2BAF-E70991DEDB80}.Debug|Any CPU.ActiveCfg = Debug|Any CPU
		{D87390E2-12F0-EB55-2BAF-E70991DEDB80}.Debug|Any CPU.Build.0 = Debug|Any CPU
		{D87390E2-12F0-EB55-2BAF-E70991DEDB80}.Release|Any CPU.ActiveCfg = Release|Any CPU
		{D87390E2-12F0-EB55-2BAF-E70991DEDB80}.Release|Any CPU.Build.0 = Release|Any CPU
		{876E5140-EDE0-3C25-656E-2801204CEC6A}.Debug|Any CPU.ActiveCfg = Debug|Any CPU
		{876E5140-EDE0-3C25-656E-2801204CEC6A}.Debug|Any CPU.Build.0 = Debug|Any CPU
		{876E5140-EDE0-3C25-656E-2801204CEC6A}.Release|Any CPU.ActiveCfg = Release|Any CPU
		{876E5140-EDE0-3C25-656E-2801204CEC6A}.Release|Any CPU.Build.0 = Release|Any CPU
		{D332EB91-CA56-4AA3-A81B-3D6FF34B524A}.Debug|Any CPU.ActiveCfg = Debug|Any CPU
		{D332EB91-CA56-4AA3-A81B-3D6FF34B524A}.Debug|Any CPU.Build.0 = Debug|Any CPU
		{D332EB91-CA56-4AA3-A81B-3D6FF34B524A}.Release|Any CPU.ActiveCfg = Release|Any CPU
		{D332EB91-CA56-4AA3-A81B-3D6FF34B524A}.Release|Any CPU.Build.0 = Release|Any CPU
		{120C454C-40F9-491A-A0ED-44B831EBDCC0}.Debug|Any CPU.ActiveCfg = Debug|Any CPU
		{120C454C-40F9-491A-A0ED-44B831EBDCC0}.Debug|Any CPU.Build.0 = Debug|Any CPU
		{120C454C-40F9-491A-A0ED-44B831EBDCC0}.Release|Any CPU.ActiveCfg = Release|Any CPU
		{120C454C-40F9-491A-A0ED-44B831EBDCC0}.Release|Any CPU.Build.0 = Release|Any CPU
		{1300848D-E162-DACA-7DB7-6D36BB7E03E5}.Debug|Any CPU.ActiveCfg = Debug|Any CPU
		{1300848D-E162-DACA-7DB7-6D36BB7E03E5}.Debug|Any CPU.Build.0 = Debug|Any CPU
		{1300848D-E162-DACA-7DB7-6D36BB7E03E5}.Release|Any CPU.ActiveCfg = Release|Any CPU
		{1300848D-E162-DACA-7DB7-6D36BB7E03E5}.Release|Any CPU.Build.0 = Release|Any CPU
		{96844335-A3C9-884B-1175-E190E13252C1}.Debug|Any CPU.ActiveCfg = Debug|Any CPU
		{96844335-A3C9-884B-1175-E190E13252C1}.Debug|Any CPU.Build.0 = Debug|Any CPU
		{96844335-A3C9-884B-1175-E190E13252C1}.Release|Any CPU.ActiveCfg = Release|Any CPU
		{96844335-A3C9-884B-1175-E190E13252C1}.Release|Any CPU.Build.0 = Release|Any CPU
		{BFA563FA-A1F1-0F9A-5542-A38F75602AB7}.Debug|Any CPU.ActiveCfg = Debug|Any CPU
		{BFA563FA-A1F1-0F9A-5542-A38F75602AB7}.Debug|Any CPU.Build.0 = Debug|Any CPU
		{BFA563FA-A1F1-0F9A-5542-A38F75602AB7}.Release|Any CPU.ActiveCfg = Release|Any CPU
		{BFA563FA-A1F1-0F9A-5542-A38F75602AB7}.Release|Any CPU.Build.0 = Release|Any CPU
	EndGlobalSection
	GlobalSection(SolutionProperties) = preSolution
		HideSolutionNode = FALSE
	EndGlobalSection
	GlobalSection(NestedProjects) = preSolution
		{036C24ED-D2A1-4C30-9E83-1D961D082AD1} = {602E330D-D8A4-4953-9F8A-5FC0DDF6E11B}
		{A583DB3D-023D-4262-8C53-121EB7023051} = {036C24ED-D2A1-4C30-9E83-1D961D082AD1}
		{DDB4EF12-CC4E-5E88-E6FC-71A802F4DE97} = {B3B18102-1000-4CB3-B4CF-CCD83A36C992}
		{792CD054-281B-4994-8284-5B1B418B246A} = {B3B18102-1000-4CB3-B4CF-CCD83A36C992}
		{D8311033-4251-4E02-AA9A-151994D1970F} = {B3B18102-1000-4CB3-B4CF-CCD83A36C992}
		{EFC52F96-0535-4166-90D4-CD66204D92E1} = {B3B18102-1000-4CB3-B4CF-CCD83A36C992}
		{BE88F49A-E927-4850-82D9-213FE7219323} = {B3B18102-1000-4CB3-B4CF-CCD83A36C992}
		{162FC9CD-B19D-49C0-B736-9E3582E034E6} = {10C1BC99-3FA5-4883-923A-56C575AB5AC8}
		{2765D4AD-AA7B-4743-B64D-66EEDC0A207B} = {10C1BC99-3FA5-4883-923A-56C575AB5AC8}
		{2EE9CBB4-53F9-4BE2-8E3F-7E74E7281F60} = {2765D4AD-AA7B-4743-B64D-66EEDC0A207B}
		{F3BB55EA-EF3F-43ED-95D3-6FBA47FE632C} = {10C1BC99-3FA5-4883-923A-56C575AB5AC8}
		{FAF04792-CBDB-5D67-CA86-F6C1EEFE6583} = {2EE9CBB4-53F9-4BE2-8E3F-7E74E7281F60}
		{ECE85F2B-4ACC-4B9F-AEF3-C632687752B4} = {2765D4AD-AA7B-4743-B64D-66EEDC0A207B}
		{73F534FC-10D9-4BF9-93C0-564B290CAFF7} = {ECE85F2B-4ACC-4B9F-AEF3-C632687752B4}
		{D87390E2-12F0-EB55-2BAF-E70991DEDB80} = {162FC9CD-B19D-49C0-B736-9E3582E034E6}
		{876E5140-EDE0-3C25-656E-2801204CEC6A} = {162FC9CD-B19D-49C0-B736-9E3582E034E6}
		{D332EB91-CA56-4AA3-A81B-3D6FF34B524A} = {162FC9CD-B19D-49C0-B736-9E3582E034E6}
		{120C454C-40F9-491A-A0ED-44B831EBDCC0} = {ECE85F2B-4ACC-4B9F-AEF3-C632687752B4}
		{1300848D-E162-DACA-7DB7-6D36BB7E03E5} = {F3BB55EA-EF3F-43ED-95D3-6FBA47FE632C}
		{96844335-A3C9-884B-1175-E190E13252C1} = {F3BB55EA-EF3F-43ED-95D3-6FBA47FE632C}
		{BFA563FA-A1F1-0F9A-5542-A38F75602AB7} = {F3BB55EA-EF3F-43ED-95D3-6FBA47FE632C}
	EndGlobalSection
	GlobalSection(ExtensibilityGlobals) = postSolution
		SolutionGuid = {F01E5B92-8BC7-4A77-A34E-79C72F78E4AE}
	EndGlobalSection
EndGlobal
